
Microsoft Visual Studio Solution File, Format Version 12.00
# Visual Studio Version 17
VisualStudioVersion = 17.11.35327.3
MinimumVisualStudioVersion = 10.0.40219.1
Project("{FAE04EC0-301F-11D3-BF4B-00C04F79EFBC}") = "TabControlApp", "TabControlApp\TabControlApp.csproj", "{D15BFBC0-9A57-48D8-B826-0A262B5A860A}"
EndProject
Global
	GlobalSection(SolutionConfigurationPlatforms) = preSolution
		Debug|Any CPU = Debug|Any CPU
		Release|Any CPU = Release|Any CPU
	EndGlobalSection
	GlobalSection(ProjectConfigurationPlatforms) = postSolution
		{D15BFBC0-9A57-48D8-B826-0A262B5A860A}.Debug|Any CPU.ActiveCfg = Debug|Any CPU
		{D15BFBC0-9A57-48D8-B826-0A262B5A860A}.Debug|Any CPU.Build.0 = Debug|Any CPU
		{D15BFBC0-9A57-48D8-B826-0A262B5A860A}.Release|Any CPU.ActiveCfg = Release|Any CPU
		{D15BFBC0-9A57-48D8-B826-0A262B5A860A}.Release|Any CPU.Build.0 = Release|Any CPU
	EndGlobalSection
	GlobalSection(SolutionProperties) = preSolution
		HideSolutionNode = FALSE
	EndGlobalSection
	GlobalSection(ExtensibilityGlobals) = postSolution
		SolutionGuid = {6E6AD75B-BC73-47F8-B533-D039F5716D05}
	EndGlobalSection
EndGlobal
