
Microsoft Visual Studio Solution File, Format Version 12.00
# Visual Studio Version 17
VisualStudioVersion = 17.11.35312.102
MinimumVisualStudioVersion = 10.0.40219.1
Project("{FAE04EC0-301F-11D3-BF4B-00C04F79EFBC}") = "Week2", "Week2\Week2.csproj", "{01239AB0-0079-447C-A20F-33E9CA9B1FA8}"
EndProject
Global
	GlobalSection(SolutionConfigurationPlatforms) = preSolution
		Debug|Any CPU = Debug|Any CPU
		Release|Any CPU = Release|Any CPU
	EndGlobalSection
	GlobalSection(ProjectConfigurationPlatforms) = postSolution
		{01239AB0-0079-447C-A20F-33E9CA9B1FA8}.Debug|Any CPU.ActiveCfg = Debug|Any CPU
		{01239AB0-0079-447C-A20F-33E9CA9B1FA8}.Debug|Any CPU.Build.0 = Debug|Any CPU
		{01239AB0-0079-447C-A20F-33E9CA9B1FA8}.Release|Any CPU.ActiveCfg = Release|Any CPU
		{01239AB0-0079-447C-A20F-33E9CA9B1FA8}.Release|Any CPU.Build.0 = Release|Any CPU
	EndGlobalSection
	GlobalSection(SolutionProperties) = preSolution
		HideSolutionNode = FALSE
	EndGlobalSection
	GlobalSection(ExtensibilityGlobals) = postSolution
		SolutionGuid = {AFA168FB-A47A-4ADC-8E1C-96CEDA8A255D}
	EndGlobalSection
EndGlobal
